{
  "name": "scalehd",
  "lockfileVersion": 3,
  "requires": true,
  "packages": {
    "": {
      "dependencies": {
        "ruff": "^1.5.4"
      }
    },
    "node_modules/emitify": {
      "version": "3.1.0",
      "resolved": "https://registry.npmjs.org/emitify/-/emitify-3.1.0.tgz",
      "integrity": "sha512-pucUCyaeC8TJoRXniRiNb81Odoqlf2lMaFARA8tci2PaORFIeXBoIQHEzuA3dxPsU1l7AVb7xmFra4iJwVU8wg==",
      "license": "MIT"
    },
    "node_modules/ruff": {
      "version": "1.5.4",
      "resolved": "https://registry.npmjs.org/ruff/-/ruff-1.5.4.tgz",
      "integrity": "sha512-42kBjp78DFDAgZw8ywPpB3bo0oZrSifukCRMB49dnFeGPbg1s4jdtXZug06mkxue1JrD3dP/ng2mxPYg7gx3Jw==",
      "license": "MIT",
      "dependencies": {
        "emitify": "^3.0.1"
      }
    }
  }
}
